
Microsoft Visual Studio Solution File, Format Version 12.00
# Visual Studio Version 17
VisualStudioVersion = 17.4.33213.308
MinimumVisualStudioVersion = 10.0.40219.1
Project("{9A19103F-16F7-4668-BE54-9A1E7A4F7556}") = "TechChallenge.Api", "TechChallenge.Api\TechChallenge.Api.csproj", "{CE463671-1DE9-4F70-AFEF-F3C24E7C5806}"
EndProject
Project("{9A19103F-16F7-4668-BE54-9A1E7A4F7556}") = "TechChallenge.Application", "TechChallenge.Application\TechChallenge.Application.csproj", "{F2B8852C-B91D-4153-A460-BD325968C814}"
	ProjectSection(ProjectDependencies) = postProject
		{966FB9FA-65E0-42C1-93BB-8082152B1F76} = {966FB9FA-65E0-42C1-93BB-8082152B1F76}
	EndProjectSection
EndProject
Project("{9A19103F-16F7-4668-BE54-9A1E7A4F7556}") = "TechChallenge.Domain", "TechChallenge.Domain\TechChallenge.Domain.csproj", "{966FB9FA-65E0-42C1-93BB-8082152B1F76}"
EndProject
Project("{9A19103F-16F7-4668-BE54-9A1E7A4F7556}") = "TechChallenge.Infrastructure", "TechChallenge.Infrastructure\TechChallenge.Infrastructure.csproj", "{7797D1E5-5667-4131-A488-5C17600F2702}"
EndProject
Project("{FAE04EC0-301F-11D3-BF4B-00C04F79EFBC}") = "TechChallege.Tests", "TechChallege.Tests\TechChallege.Tests.csproj", "{801F23B6-560B-4B55-97CF-72C319DF24E0}"
EndProject
Global
	GlobalSection(SolutionConfigurationPlatforms) = preSolution
		Debug|Any CPU = Debug|Any CPU
		Release|Any CPU = Release|Any CPU
	EndGlobalSection
	GlobalSection(ProjectConfigurationPlatforms) = postSolution
		{CE463671-1DE9-4F70-AFEF-F3C24E7C5806}.Debug|Any CPU.ActiveCfg = Debug|Any CPU
		{CE463671-1DE9-4F70-AFEF-F3C24E7C5806}.Debug|Any CPU.Build.0 = Debug|Any CPU
		{CE463671-1DE9-4F70-AFEF-F3C24E7C5806}.Release|Any CPU.ActiveCfg = Release|Any CPU
		{CE463671-1DE9-4F70-AFEF-F3C24E7C5806}.Release|Any CPU.Build.0 = Release|Any CPU
		{F2B8852C-B91D-4153-A460-BD325968C814}.Debug|Any CPU.ActiveCfg = Debug|Any CPU
		{F2B8852C-B91D-4153-A460-BD325968C814}.Debug|Any CPU.Build.0 = Debug|Any CPU
		{F2B8852C-B91D-4153-A460-BD325968C814}.Release|Any CPU.ActiveCfg = Release|Any CPU
		{F2B8852C-B91D-4153-A460-BD325968C814}.Release|Any CPU.Build.0 = Release|Any CPU
		{966FB9FA-65E0-42C1-93BB-8082152B1F76}.Debug|Any CPU.ActiveCfg = Debug|Any CPU
		{966FB9FA-65E0-42C1-93BB-8082152B1F76}.Debug|Any CPU.Build.0 = Debug|Any CPU
		{966FB9FA-65E0-42C1-93BB-8082152B1F76}.Release|Any CPU.ActiveCfg = Release|Any CPU
		{966FB9FA-65E0-42C1-93BB-8082152B1F76}.Release|Any CPU.Build.0 = Release|Any CPU
		{7797D1E5-5667-4131-A488-5C17600F2702}.Debug|Any CPU.ActiveCfg = Debug|Any CPU
		{7797D1E5-5667-4131-A488-5C17600F2702}.Debug|Any CPU.Build.0 = Debug|Any CPU
		{7797D1E5-5667-4131-A488-5C17600F2702}.Release|Any CPU.ActiveCfg = Release|Any CPU
		{7797D1E5-5667-4131-A488-5C17600F2702}.Release|Any CPU.Build.0 = Release|Any CPU
		{801F23B6-560B-4B55-97CF-72C319DF24E0}.Debug|Any CPU.ActiveCfg = Debug|Any CPU
		{801F23B6-560B-4B55-97CF-72C319DF24E0}.Debug|Any CPU.Build.0 = Debug|Any CPU
		{801F23B6-560B-4B55-97CF-72C319DF24E0}.Release|Any CPU.ActiveCfg = Release|Any CPU
		{801F23B6-560B-4B55-97CF-72C319DF24E0}.Release|Any CPU.Build.0 = Release|Any CPU
	EndGlobalSection
	GlobalSection(SolutionProperties) = preSolution
		HideSolutionNode = FALSE
	EndGlobalSection
	GlobalSection(ExtensibilityGlobals) = postSolution
		SolutionGuid = {0B2BD869-6724-4DE0-8F77-C53E013A824A}
	EndGlobalSection
EndGlobal
